
Microsoft Visual Studio Solution File, Format Version 12.00
# Visual Studio Version 17
VisualStudioVersion = 17.13.35931.197
MinimumVisualStudioVersion = 10.0.40219.1

Project("{2150E333-8FDC-42A3-9474-1A3956D46DE8}") = "Core", "Core", "{8EC462FD-D22E-90A8-E5CE-7E832BA40C5A}"
EndProject
Project("{2150E333-8FDC-42A3-9474-1A3956D46DE8}") = "Presentation", "Presentation", "{36C1D8C5-3BD2-41C3-805C-694B13E21B47}"
EndProject
Project("{2150E333-8FDC-42A3-9474-1A3956D46DE8}") = "Infrastructure", "Infrastructure", "{8EC462FD-D22E-90A8-E5CE-7E832BA40C5E}"
EndProject
Project("{2150E333-8FDC-42A3-9474-1A3956D46DE8}") = "Solution Items", "Solution Items", "{8EC462FD-D22E-90A8-E5CE-7E832BA40C5D}"
	ProjectSection(SolutionItems) = preProject
		problems.txt = problems.txt
	EndProjectSection
EndProject

Project("{FAE04EC0-301F-11D3-BF4B-00C04F79EFBC}") = "LibraryApp.API", "..\Presentation\LibraryApp.API\LibraryApp.API.csproj", "{3A696522-0171-42D7-BF6C-C850F1A38A42}"
EndProject
Project("{FAE04EC0-301F-11D3-BF4B-00C04F79EFBC}") = "LibraryApp.Infrastructure", "..\Infrastructure\LibraryApp.Insfrastructure\LibraryApp.Infrastructure.csproj", "{FD7B8B1F-9527-F2B1-E227-32539FD91060}"
EndProject
Project("{FAE04EC0-301F-11D3-BF4B-00C04F79EFBC}") = "LibraryApp.Persistence", "..\Infrastructure\LibraryApp.Persistence\LibraryApp.Persistence.csproj", "{7A3F3BC2-4759-5A96-6EC4-71868A1A1F07}"
EndProject
Project("{FAE04EC0-301F-11D3-BF4B-00C04F79EFBC}") = "LibraryApp.Application", "..\core\LibraryApp.Application\LibraryApp.Application.csproj", "{55E040D4-1012-05D2-FBE5-9781BD82AD38}"
EndProject
Project("{FAE04EC0-301F-11D3-BF4B-00C04F79EFBC}") = "LibraryApp.Domain", "..\core\LibraryApp.Domain\LibraryApp.Domain.csproj", "{B7885AF2-37E1-63F5-6E05-66D3215360E7}"
EndProject

Global
	GlobalSection(SolutionConfigurationPlatforms) = preSolution
		Debug|Any CPU = Debug|Any CPU
		Release|Any CPU = Release|Any CPU
	EndGlobalSection
	GlobalSection(ProjectConfigurationPlatforms) = postSolution
		{3A696522-0171-42D7-BF6C-C850F1A38A42}.Debug|Any CPU.ActiveCfg = Debug|Any CPU
		{3A696522-0171-42D7-BF6C-C850F1A38A42}.Debug|Any CPU.Build.0 = Debug|Any CPU
		{3A696522-0171-42D7-BF6C-C850F1A38A42}.Release|Any CPU.ActiveCfg = Release|Any CPU
		{3A696522-0171-42D7-BF6C-C850F1A38A42}.Release|Any CPU.Build.0 = Release|Any CPU
		{FD7B8B1F-9527-F2B1-E227-32539FD91060}.Debug|Any CPU.ActiveCfg = Debug|Any CPU
		{FD7B8B1F-9527-F2B1-E227-32539FD91060}.Debug|Any CPU.Build.0 = Debug|Any CPU
		{FD7B8B1F-9527-F2B1-E227-32539FD91060}.Release|Any CPU.ActiveCfg = Release|Any CPU
		{FD7B8B1F-9527-F2B1-E227-32539FD91060}.Release|Any CPU.Build.0 = Release|Any CPU
		{7A3F3BC2-4759-5A96-6EC4-71868A1A1F07}.Debug|Any CPU.ActiveCfg = Debug|Any CPU
		{7A3F3BC2-4759-5A96-6EC4-71868A1A1F07}.Debug|Any CPU.Build.0 = Debug|Any CPU
		{7A3F3BC2-4759-5A96-6EC4-71868A1A1F07}.Release|Any CPU.ActiveCfg = Release|Any CPU
		{7A3F3BC2-4759-5A96-6EC4-71868A1A1F07}.Release|Any CPU.Build.0 = Release|Any CPU
		{55E040D4-1012-05D2-FBE5-9781BD82AD38}.Debug|Any CPU.ActiveCfg = Debug|Any CPU
		{55E040D4-1012-05D2-FBE5-9781BD82AD38}.Debug|Any CPU.Build.0 = Debug|Any CPU
		{55E040D4-1012-05D2-FBE5-9781BD82AD38}.Release|Any CPU.ActiveCfg = Release|Any CPU
		{55E040D4-1012-05D2-FBE5-9781BD82AD38}.Release|Any CPU.Build.0 = Release|Any CPU
		{B7885AF2-37E1-63F5-6E05-66D3215360E7}.Debug|Any CPU.ActiveCfg = Debug|Any CPU
		{B7885AF2-37E1-63F5-6E05-66D3215360E7}.Debug|Any CPU.Build.0 = Debug|Any CPU
		{B7885AF2-37E1-63F5-6E05-66D3215360E7}.Release|Any CPU.ActiveCfg = Release|Any CPU
		{B7885AF2-37E1-63F5-6E05-66D3215360E7}.Release|Any CPU.Build.0 = Release|Any CPU
	EndGlobalSection
	GlobalSection(SolutionProperties) = preSolution
		HideSolutionNode = FALSE
	EndGlobalSection
	GlobalSection(NestedProjects) = preSolution
		{3A696522-0171-42D7-BF6C-C850F1A38A42} = {36C1D8C5-3BD2-41C3-805C-694B13E21B47}
		{FD7B8B1F-9527-F2B1-E227-32539FD91060} = {8EC462FD-D22E-90A8-E5CE-7E832BA40C5E}
		{7A3F3BC2-4759-5A96-6EC4-71868A1A1F07} = {8EC462FD-D22E-90A8-E5CE-7E832BA40C5E}
		{55E040D4-1012-05D2-FBE5-9781BD82AD38} = {8EC462FD-D22E-90A8-E5CE-7E832BA40C5A}
		{B7885AF2-37E1-63F5-6E05-66D3215360E7} = {8EC462FD-D22E-90A8-E5CE-7E832BA40C5A}
	EndGlobalSection
	GlobalSection(ExtensibilityGlobals) = postSolution
		SolutionGuid = {483BD371-CE34-4A8E-9926-9FCFAB264C84}
	EndGlobalSection
EndGlobal
